
Microsoft Visual Studio Solution File, Format Version 12.00
# Visual Studio Version 17
VisualStudioVersion = 17.1.32210.238
MinimumVisualStudioVersion = 10.0.40219.1
Project("{FAE04EC0-301F-11D3-BF4B-00C04F79EFBC}") = "uppgift_3_1_5", "uppgift_3_1_5\uppgift_3_1_5.csproj", "{ADFC346E-3DA9-4BF1-A644-DB1E52F573CB}"
EndProject
Global
	GlobalSection(SolutionConfigurationPlatforms) = preSolution
		Debug|Any CPU = Debug|Any CPU
		Release|Any CPU = Release|Any CPU
	EndGlobalSection
	GlobalSection(ProjectConfigurationPlatforms) = postSolution
		{ADFC346E-3DA9-4BF1-A644-DB1E52F573CB}.Debug|Any CPU.ActiveCfg = Debug|Any CPU
		{ADFC346E-3DA9-4BF1-A644-DB1E52F573CB}.Debug|Any CPU.Build.0 = Debug|Any CPU
		{ADFC346E-3DA9-4BF1-A644-DB1E52F573CB}.Release|Any CPU.ActiveCfg = Release|Any CPU
		{ADFC346E-3DA9-4BF1-A644-DB1E52F573CB}.Release|Any CPU.Build.0 = Release|Any CPU
	EndGlobalSection
	GlobalSection(SolutionProperties) = preSolution
		HideSolutionNode = FALSE
	EndGlobalSection
	GlobalSection(ExtensibilityGlobals) = postSolution
		SolutionGuid = {3B6A325F-6224-40F4-AF8B-A0A1DEC0086E}
	EndGlobalSection
EndGlobal
